
Microsoft Visual Studio Solution File, Format Version 12.00
# Visual Studio for Mac
Project("{FAE04EC0-301F-11D3-BF4B-00C04F79EFBC}") = "VuforiaScripts", "VuforiaScripts.csproj", "{36ED9AF2-208E-63BE-11C0-01866AC7DD71}"
EndProject
Project("{FAE04EC0-301F-11D3-BF4B-00C04F79EFBC}") = "Assembly-CSharp", "Assembly-CSharp.csproj", "{BEC89A45-9804-02E7-B29F-AC2A648FFAED}"
EndProject
Project("{FAE04EC0-301F-11D3-BF4B-00C04F79EFBC}") = "VuforiaEditorScripts", "VuforiaEditorScripts.csproj", "{77C5C076-8F1C-7B3F-3CCC-A18EDF7FFBA4}"
EndProject
Global
	GlobalSection(SolutionConfigurationPlatforms) = preSolution
		Debug|Any CPU = Debug|Any CPU
		Release|Any CPU = Release|Any CPU
	EndGlobalSection
	GlobalSection(ProjectConfigurationPlatforms) = postSolution
		{36ED9AF2-208E-63BE-11C0-01866AC7DD71}.Debug|Any CPU.ActiveCfg = Debug|Any CPU
		{36ED9AF2-208E-63BE-11C0-01866AC7DD71}.Debug|Any CPU.Build.0 = Debug|Any CPU
		{36ED9AF2-208E-63BE-11C0-01866AC7DD71}.Release|Any CPU.ActiveCfg = Release|Any CPU
		{36ED9AF2-208E-63BE-11C0-01866AC7DD71}.Release|Any CPU.Build.0 = Release|Any CPU
		{BEC89A45-9804-02E7-B29F-AC2A648FFAED}.Debug|Any CPU.ActiveCfg = Debug|Any CPU
		{BEC89A45-9804-02E7-B29F-AC2A648FFAED}.Debug|Any CPU.Build.0 = Debug|Any CPU
		{BEC89A45-9804-02E7-B29F-AC2A648FFAED}.Release|Any CPU.ActiveCfg = Release|Any CPU
		{BEC89A45-9804-02E7-B29F-AC2A648FFAED}.Release|Any CPU.Build.0 = Release|Any CPU
		{77C5C076-8F1C-7B3F-3CCC-A18EDF7FFBA4}.Debug|Any CPU.ActiveCfg = Debug|Any CPU
		{77C5C076-8F1C-7B3F-3CCC-A18EDF7FFBA4}.Debug|Any CPU.Build.0 = Debug|Any CPU
		{77C5C076-8F1C-7B3F-3CCC-A18EDF7FFBA4}.Release|Any CPU.ActiveCfg = Release|Any CPU
		{77C5C076-8F1C-7B3F-3CCC-A18EDF7FFBA4}.Release|Any CPU.Build.0 = Release|Any CPU
	EndGlobalSection
	GlobalSection(SolutionProperties) = preSolution
		HideSolutionNode = FALSE
	EndGlobalSection
EndGlobal
